
Microsoft Visual Studio Solution File, Format Version 12.00
# Visual Studio Version 16
VisualStudioVersion = 16.0.31112.23
MinimumVisualStudioVersion = 10.0.40219.1
Project("{FAE04EC0-301F-11D3-BF4B-00C04F79EFBC}") = "SharepointIntegration", "SharepointIntegration.csproj", "{8716453D-1826-4A53-8B02-FCCF21F3AD86}"
EndProject
Project("{FAE04EC0-301F-11D3-BF4B-00C04F79EFBC}") = "SharepointIntegrationWeb", "SharepointIntegrationWeb\SharepointIntegrationWeb.csproj", "{A1913CCC-1EFA-4441-9FBB-B8171DF965D5}"
EndProject
Global
	GlobalSection(SolutionConfigurationPlatforms) = preSolution
		Debug|Any CPU = Debug|Any CPU
		Release|Any CPU = Release|Any CPU
	EndGlobalSection
	GlobalSection(ProjectConfigurationPlatforms) = postSolution
		{8716453D-1826-4A53-8B02-FCCF21F3AD86}.Debug|Any CPU.ActiveCfg = Debug|Any CPU
		{8716453D-1826-4A53-8B02-FCCF21F3AD86}.Debug|Any CPU.Build.0 = Debug|Any CPU
		{8716453D-1826-4A53-8B02-FCCF21F3AD86}.Debug|Any CPU.Deploy.0 = Debug|Any CPU
		{8716453D-1826-4A53-8B02-FCCF21F3AD86}.Release|Any CPU.ActiveCfg = Release|Any CPU
		{8716453D-1826-4A53-8B02-FCCF21F3AD86}.Release|Any CPU.Build.0 = Release|Any CPU
		{8716453D-1826-4A53-8B02-FCCF21F3AD86}.Release|Any CPU.Deploy.0 = Release|Any CPU
		{A1913CCC-1EFA-4441-9FBB-B8171DF965D5}.Debug|Any CPU.ActiveCfg = Debug|Any CPU
		{A1913CCC-1EFA-4441-9FBB-B8171DF965D5}.Debug|Any CPU.Build.0 = Debug|Any CPU
		{A1913CCC-1EFA-4441-9FBB-B8171DF965D5}.Release|Any CPU.ActiveCfg = Release|Any CPU
		{A1913CCC-1EFA-4441-9FBB-B8171DF965D5}.Release|Any CPU.Build.0 = Release|Any CPU
	EndGlobalSection
	GlobalSection(SolutionProperties) = preSolution
		HideSolutionNode = FALSE
	EndGlobalSection
	GlobalSection(ExtensibilityGlobals) = postSolution
		SolutionGuid = {49B99958-B514-4D2F-BDFD-6EFE3118DC69}
	EndGlobalSection
EndGlobal
